{
  "name": "vcl-interface",
  "version": "1.0.1",
  "lockfileVersion": 2,
  "requires": true,
  "packages": {
    "": {
      "name": "vcl-interface",
      "version": "1.0.1",
      "license": "MIT",
      "dependencies": {
        "vcl-interface": "^1.0.1"
      },
      "devDependencies": {
        "typescript": "^4.7.4"
      }
    },
    "node_modules/typescript": {
      "version": "4.7.4",
      "resolved": "https://registry.npmjs.org/typescript/-/typescript-4.7.4.tgz",
      "integrity": "sha512-C0WQT0gezHuw6AdY1M2jxUO83Rjf0HP7Sk1DtXj6j1EwkQNZrHAg2XPWlq62oqEhYvONq5pkC2Y9oPljWToLmQ==",
      "dev": true,
      "bin": {
        "tsc": "bin/tsc",
        "tsserver": "bin/tsserver"
      },
      "engines": {
        "node": ">=4.2.0"
      }
    },
    "node_modules/vcl-interface": {
      "version": "1.0.1",
      "resolved": "https://registry.npmjs.org/vcl-interface/-/vcl-interface-1.0.1.tgz",
      "integrity": "sha512-PXRd5mPHY0gAmQ4w3WVA09Umdbut1Blw5G2SmGxB/sVxIaU8t2c8yO2zCxIQOh/0bOkWfBGqRYtEmv70xhK8Gw=="
    }
  },
  "dependencies": {
    "typescript": {
      "version": "4.7.4",
      "resolved": "https://registry.npmjs.org/typescript/-/typescript-4.7.4.tgz",
      "integrity": "sha512-C0WQT0gezHuw6AdY1M2jxUO83Rjf0HP7Sk1DtXj6j1EwkQNZrHAg2XPWlq62oqEhYvONq5pkC2Y9oPljWToLmQ==",
      "dev": true
    },
    "vcl-interface": {
      "version": "1.0.1",
      "resolved": "https://registry.npmjs.org/vcl-interface/-/vcl-interface-1.0.1.tgz",
      "integrity": "sha512-PXRd5mPHY0gAmQ4w3WVA09Umdbut1Blw5G2SmGxB/sVxIaU8t2c8yO2zCxIQOh/0bOkWfBGqRYtEmv70xhK8Gw=="
    }
  }
}
