{
  "name": "vcl-interface",
  "version": "1.1.20",
  "lockfileVersion": 2,
  "requires": true,
  "packages": {
    "": {
      "name": "vcl-interface",
      "version": "1.1.20",
      "license": "MIT",
      "dependencies": {
        "@types/node": "^18.0.0",
        "my-awesome-greeter": "^1.0.2"
      },
      "devDependencies": {
        "typescript": "^4.7.4"
      }
    },
    "node_modules/@types/node": {
      "version": "18.0.0",
      "resolved": "https://registry.npmjs.org/@types/node/-/node-18.0.0.tgz",
      "integrity": "sha512-cHlGmko4gWLVI27cGJntjs/Sj8th9aYwplmZFwmmgYQQvL5NUsgVJG7OddLvNfLqYS31KFN0s3qlaD9qCaxACA=="
    },
    "node_modules/my-awesome-greeter": {
      "version": "1.0.2",
      "resolved": "https://registry.npmjs.org/my-awesome-greeter/-/my-awesome-greeter-1.0.2.tgz",
      "integrity": "sha512-5HN4M26+u8WuWS0LQXuPWGsoeDC+bx+jkHy1GIIMHe05QEA9LSDbysB3NrVBVS17vTWo+ywjeDKr72ESiF4Dgg=="
    },
    "node_modules/typescript": {
      "version": "4.7.4",
      "resolved": "https://registry.npmjs.org/typescript/-/typescript-4.7.4.tgz",
      "integrity": "sha512-C0WQT0gezHuw6AdY1M2jxUO83Rjf0HP7Sk1DtXj6j1EwkQNZrHAg2XPWlq62oqEhYvONq5pkC2Y9oPljWToLmQ==",
      "dev": true,
      "bin": {
        "tsc": "bin/tsc",
        "tsserver": "bin/tsserver"
      },
      "engines": {
        "node": ">=4.2.0"
      }
    }
  },
  "dependencies": {
    "@types/node": {
      "version": "18.0.0",
      "resolved": "https://registry.npmjs.org/@types/node/-/node-18.0.0.tgz",
      "integrity": "sha512-cHlGmko4gWLVI27cGJntjs/Sj8th9aYwplmZFwmmgYQQvL5NUsgVJG7OddLvNfLqYS31KFN0s3qlaD9qCaxACA=="
    },
    "my-awesome-greeter": {
      "version": "1.0.2",
      "resolved": "https://registry.npmjs.org/my-awesome-greeter/-/my-awesome-greeter-1.0.2.tgz",
      "integrity": "sha512-5HN4M26+u8WuWS0LQXuPWGsoeDC+bx+jkHy1GIIMHe05QEA9LSDbysB3NrVBVS17vTWo+ywjeDKr72ESiF4Dgg=="
    },
    "typescript": {
      "version": "4.7.4",
      "resolved": "https://registry.npmjs.org/typescript/-/typescript-4.7.4.tgz",
      "integrity": "sha512-C0WQT0gezHuw6AdY1M2jxUO83Rjf0HP7Sk1DtXj6j1EwkQNZrHAg2XPWlq62oqEhYvONq5pkC2Y9oPljWToLmQ==",
      "dev": true
    }
  }
}
